
Microsoft Visual Studio Solution File, Format Version 12.00
# Visual Studio 14
VisualStudioVersion = 14.0.25420.1
MinimumVisualStudioVersion = 10.0.40219.1
Project("{8BC9CEB8-8B4A-11D0-8D11-00A0C91BC942}") = "alpha.hmi.trends", "alpha.hmi.trends\alpha.hmi.trends.vcxproj", "{4EC55227-87CA-4FBE-BBE1-EFCA8A97DC2F}"
EndProject
Project("{8BC9CEB8-8B4A-11D0-8D11-00A0C91BC942}") = "alpha.hmi.tables", "alpha.hmi.tables\alpha.hmi.tables.vcxproj", "{A5E36BC8-376F-43B0-8150-21526F131B76}"
EndProject
Project("{8BC9CEB8-8B4A-11D0-8D11-00A0C91BC942}") = "alpha.hmi.alarms", "alpha.hmi.alarms\alpha.hmi.alarms.vcxproj", "{F1E0BC49-6235-437A-A417-74492923F039}"
EndProject
Global
	GlobalSection(SolutionConfigurationPlatforms) = preSolution
		Debug|x64 = Debug|x64
		Debug|x86 = Debug|x86
		Release|x64 = Release|x64
		Release|x86 = Release|x86
	EndGlobalSection
	GlobalSection(ProjectConfigurationPlatforms) = postSolution
		{4EC55227-87CA-4FBE-BBE1-EFCA8A97DC2F}.Debug|x64.ActiveCfg = Debug|x64
		{4EC55227-87CA-4FBE-BBE1-EFCA8A97DC2F}.Debug|x64.Build.0 = Debug|x64
		{4EC55227-87CA-4FBE-BBE1-EFCA8A97DC2F}.Debug|x86.ActiveCfg = Debug|Win32
		{4EC55227-87CA-4FBE-BBE1-EFCA8A97DC2F}.Debug|x86.Build.0 = Debug|Win32
		{4EC55227-87CA-4FBE-BBE1-EFCA8A97DC2F}.Release|x64.ActiveCfg = Release|x64
		{4EC55227-87CA-4FBE-BBE1-EFCA8A97DC2F}.Release|x64.Build.0 = Release|x64
		{4EC55227-87CA-4FBE-BBE1-EFCA8A97DC2F}.Release|x86.ActiveCfg = Release|Win32
		{4EC55227-87CA-4FBE-BBE1-EFCA8A97DC2F}.Release|x86.Build.0 = Release|Win32
		{A5E36BC8-376F-43B0-8150-21526F131B76}.Debug|x64.ActiveCfg = Debug|x64
		{A5E36BC8-376F-43B0-8150-21526F131B76}.Debug|x64.Build.0 = Debug|x64
		{A5E36BC8-376F-43B0-8150-21526F131B76}.Debug|x86.ActiveCfg = Debug|Win32
		{A5E36BC8-376F-43B0-8150-21526F131B76}.Debug|x86.Build.0 = Debug|Win32
		{A5E36BC8-376F-43B0-8150-21526F131B76}.Release|x64.ActiveCfg = Release|x64
		{A5E36BC8-376F-43B0-8150-21526F131B76}.Release|x64.Build.0 = Release|x64
		{A5E36BC8-376F-43B0-8150-21526F131B76}.Release|x86.ActiveCfg = Release|Win32
		{A5E36BC8-376F-43B0-8150-21526F131B76}.Release|x86.Build.0 = Release|Win32
		{F1E0BC49-6235-437A-A417-74492923F039}.Debug|x64.ActiveCfg = Debug|x64
		{F1E0BC49-6235-437A-A417-74492923F039}.Debug|x64.Build.0 = Debug|x64
		{F1E0BC49-6235-437A-A417-74492923F039}.Debug|x86.ActiveCfg = Debug|Win32
		{F1E0BC49-6235-437A-A417-74492923F039}.Debug|x86.Build.0 = Debug|Win32
		{F1E0BC49-6235-437A-A417-74492923F039}.Release|x64.ActiveCfg = Release|x64
		{F1E0BC49-6235-437A-A417-74492923F039}.Release|x64.Build.0 = Release|x64
		{F1E0BC49-6235-437A-A417-74492923F039}.Release|x86.ActiveCfg = Release|Win32
		{F1E0BC49-6235-437A-A417-74492923F039}.Release|x86.Build.0 = Release|Win32
	EndGlobalSection
	GlobalSection(SolutionProperties) = preSolution
		HideSolutionNode = FALSE
	EndGlobalSection
EndGlobal
