<?xml version="1.0" encoding="utf-8"?>
<Project ToolsVersion="4.0" xmlns="http://schemas.microsoft.com/developer/msbuild/2003">
  <ItemGroup>
    <Filter Include="Source Files">
      <UniqueIdentifier>{4FC737F1-C7A5-4376-A066-2A32D752A2FF}</UniqueIdentifier>
      <Extensions>cpp;c;cc;cxx;def;odl;idl;hpj;bat;asm;asmx</Extensions>
    </Filter>
    <Filter Include="Header Files">
      <UniqueIdentifier>{93995380-89BD-4b04-88EB-625FBE52EBFB}</UniqueIdentifier>
      <Extensions>h;hh;hpp;hxx;hm;inl;inc;xsd</Extensions>
    </Filter>
    <Filter Include="Resource Files">
      <UniqueIdentifier>{67DA6AB6-F800-4c08-8B7A-83BB121AAD01}</UniqueIdentifier>
      <Extensions>rc;ico;cur;bmp;dlg;rc2;rct;bin;rgs;gif;jpg;jpeg;jpe;resx;tiff;tif;png;wav;mfcribbon-ms</Extensions>
    </Filter>
    <Filter Include="Reflection">
      <UniqueIdentifier>{0ffb857a-e77b-4b08-a6cb-cc75c7c799fd}</UniqueIdentifier>
    </Filter>
    <Filter Include="Header Files\Helpers">
      <UniqueIdentifier>{3ff6d507-e0d9-41be-8a4b-9e16dac2dc90}</UniqueIdentifier>
    </Filter>
    <Filter Include="Source Files\Helpers">
      <UniqueIdentifier>{f6058c1f-7429-41fe-b302-89756cdf6993}</UniqueIdentifier>
    </Filter>
  </ItemGroup>
  <ItemGroup>
    <ClInclude Include="Sources\stdafx.h">
      <Filter>Header Files</Filter>
    </ClInclude>
    <ClInclude Include="Sources\targetver.h">
      <Filter>Header Files</Filter>
    </ClInclude>
    <ClInclude Include="Sources\Module.h">
      <Filter>Header Files</Filter>
    </ClInclude>
    <ClInclude Include="Sources\Reflection\Reflection.Common.h">
      <Filter>Reflection</Filter>
    </ClInclude>
    <ClInclude Include="Sources\Reflection\Reflection.Interface.h">
      <Filter>Reflection</Filter>
    </ClInclude>
    <ClInclude Include="Sources\Reflection\Reflection.Tables.h">
      <Filter>Reflection</Filter>
    </ClInclude>
    <ClInclude Include="Sources\Unit.h">
      <Filter>Header Files</Filter>
    </ClInclude>
    <ClInclude Include="Sources\TableControl.h">
      <Filter>Header Files</Filter>
    </ClInclude>
    <ClInclude Include="Sources\Helpers\HMILayoutItemMixin.h">
      <Filter>Header Files\Helpers</Filter>
    </ClInclude>
    <ClInclude Include="Sources\Helpers\HMIRectImplMixin.h">
      <Filter>Header Files\Helpers</Filter>
    </ClInclude>
    <ClInclude Include="Sources\Helpers\HMIVisualFeaturesMixin.h">
      <Filter>Header Files\Helpers</Filter>
    </ClInclude>
    <ClInclude Include="Sources\Helpers\mixin.h">
      <Filter>Header Files\Helpers</Filter>
    </ClInclude>
    <ClInclude Include="Sources\Helpers\ReflectionHelpers.h">
      <Filter>Header Files\Helpers</Filter>
    </ClInclude>
    <ClInclude Include="Sources\Helpers\ZOrderHelper.h">
      <Filter>Header Files\Helpers</Filter>
    </ClInclude>
    <ClInclude Include="Sources\Internationalization.h">
      <Filter>Header Files</Filter>
    </ClInclude>
    <ClInclude Include="Sources\TableInterfaceImpl.h">
      <Filter>Header Files</Filter>
    </ClInclude>
    <ClInclude Include="Sources\Helpers\OverrideQRect.h">
      <Filter>Header Files\Helpers</Filter>
    </ClInclude>
  </ItemGroup>
  <ItemGroup>
    <ClCompile Include="Sources\alpha.hmi.tables.cpp">
      <Filter>Source Files</Filter>
    </ClCompile>
    <ClCompile Include="Sources\dllmain.cpp">
      <Filter>Source Files</Filter>
    </ClCompile>
    <ClCompile Include="Sources\stdafx.cpp">
      <Filter>Source Files</Filter>
    </ClCompile>
    <ClCompile Include="Sources\Module.cpp">
      <Filter>Source Files</Filter>
    </ClCompile>
    <ClCompile Include="Sources\Unit.cpp">
      <Filter>Source Files</Filter>
    </ClCompile>
    <ClCompile Include="Sources\Helpers\ZOrderHelper.cpp">
      <Filter>Source Files\Helpers</Filter>
    </ClCompile>
    <ClCompile Include="Sources\TableControl.cpp">
      <Filter>Source Files</Filter>
    </ClCompile>
    <ClCompile Include="Sources\OverrideQRect.cpp">
      <Filter>Source Files</Filter>
    </ClCompile>
  </ItemGroup>
  <ItemGroup>
    <Text Include="Sources\ReadMe.txt" />
  </ItemGroup>
</Project>