<?xml version="1.0" encoding="utf-8"?>
<Project ToolsVersion="4.0" xmlns="http://schemas.microsoft.com/developer/msbuild/2003">
  <ItemGroup>
    <Filter Include="Source Files">
      <UniqueIdentifier>{4FC737F1-C7A5-4376-A066-2A32D752A2FF}</UniqueIdentifier>
      <Extensions>cpp;c;cc;cxx;def;odl;idl;hpj;bat;asm;asmx</Extensions>
    </Filter>
    <Filter Include="Header Files">
      <UniqueIdentifier>{93995380-89BD-4b04-88EB-625FBE52EBFB}</UniqueIdentifier>
      <Extensions>h;hh;hpp;hxx;hm;inl;inc;xsd</Extensions>
    </Filter>
    <Filter Include="Resource Files">
      <UniqueIdentifier>{67DA6AB6-F800-4c08-8B7A-83BB121AAD01}</UniqueIdentifier>
      <Extensions>rc;ico;cur;bmp;dlg;rc2;rct;bin;rgs;gif;jpg;jpeg;jpe;resx;tiff;tif;png;wav;mfcribbon-ms</Extensions>
    </Filter>
    <Filter Include="Reflection">
      <UniqueIdentifier>{1c621085-5c9c-4567-b912-a57f009f5096}</UniqueIdentifier>
    </Filter>
    <Filter Include="Header Files\Helpers">
      <UniqueIdentifier>{157aeda4-748b-4d98-af18-3bc72f2b3e60}</UniqueIdentifier>
    </Filter>
    <Filter Include="Source Files\Helpers">
      <UniqueIdentifier>{833a37e6-cdeb-4518-a717-b025bd7cc529}</UniqueIdentifier>
    </Filter>
    <Filter Include="Generated Files">
      <UniqueIdentifier>{71ED8ED8-ACB9-4CE9-BBE1-E00B30144E11}</UniqueIdentifier>
      <Extensions>moc;h;cpp</Extensions>
      <ParseFiles>true</ParseFiles>
    </Filter>
    <Filter Include="Generated Files\Debug">
      <UniqueIdentifier>{3f0fee99-044b-486e-a5f1-4ae1f7a74626}</UniqueIdentifier>
      <Extensions>cpp;moc</Extensions>
      <SourceControlFiles>False</SourceControlFiles>
    </Filter>
    <Filter Include="Generated Files\Release">
      <UniqueIdentifier>{0852bc2d-00c1-48e3-8854-95c4d34bfad7}</UniqueIdentifier>
      <Extensions>cpp;moc</Extensions>
      <SourceControlFiles>False</SourceControlFiles>
    </Filter>
    <Filter Include="Header Files\AlarmsSource">
      <UniqueIdentifier>{5e916b15-301b-477e-892d-33b23b21192e}</UniqueIdentifier>
    </Filter>
  </ItemGroup>
  <ItemGroup>
    <ClCompile Include="Sources\alpha.hmi.alarms.cpp">
      <Filter>Source Files</Filter>
    </ClCompile>
    <ClCompile Include="Sources\dllmain.cpp">
      <Filter>Source Files</Filter>
    </ClCompile>
    <ClCompile Include="Sources\stdafx.cpp">
      <Filter>Source Files</Filter>
    </ClCompile>
    <ClCompile Include="Sources\Module.cpp">
      <Filter>Source Files</Filter>
    </ClCompile>
    <ClCompile Include="Sources\Unit.cpp">
      <Filter>Source Files</Filter>
    </ClCompile>
    <ClCompile Include="Sources\AlarmsControl.cpp">
      <Filter>Source Files</Filter>
    </ClCompile>
    <ClCompile Include="Sources\Helpers\ZOrderHelper.cpp">
      <Filter>Source Files\Helpers</Filter>
    </ClCompile>
  </ItemGroup>
  <ItemGroup>
    <ClInclude Include="Sources\Reflection\Reflection.Interface.h">
      <Filter>Reflection</Filter>
    </ClInclude>
    <ClInclude Include="Sources\Reflection\Reflection.Common.h">
      <Filter>Reflection</Filter>
    </ClInclude>
    <ClInclude Include="Sources\Reflection\Reflection.Alarms.h">
      <Filter>Reflection</Filter>
    </ClInclude>
    <ClInclude Include="Sources\Unit.h">
      <Filter>Header Files</Filter>
    </ClInclude>
    <ClInclude Include="Sources\targetver.h">
      <Filter>Header Files</Filter>
    </ClInclude>
    <ClInclude Include="Sources\stdafx.h">
      <Filter>Header Files</Filter>
    </ClInclude>
    <ClInclude Include="Sources\Module.h">
      <Filter>Header Files</Filter>
    </ClInclude>
    <ClInclude Include="Sources\Helpers\ReflectionHelpers.h">
      <Filter>Header Files\Helpers</Filter>
    </ClInclude>
    <ClInclude Include="Sources\Helpers\mixin.h">
      <Filter>Header Files\Helpers</Filter>
    </ClInclude>
    <ClInclude Include="Sources\Helpers\HMIVisualFeaturesMixin.h">
      <Filter>Header Files\Helpers</Filter>
    </ClInclude>
    <ClInclude Include="Sources\Helpers\HMILayoutItemMixin.h">
      <Filter>Header Files\Helpers</Filter>
    </ClInclude>
    <ClInclude Include="Sources\AlarmsInterfaceImpl.h">
      <Filter>Header Files</Filter>
    </ClInclude>
    <ClInclude Include="Sources\Helpers\HMIRectImplMixin.h">
      <Filter>Header Files\Helpers</Filter>
    </ClInclude>
    <ClInclude Include="Sources\Internationalization.h">
      <Filter>Header Files</Filter>
    </ClInclude>
    <ClInclude Include="Sources\Helpers\ZOrderHelper.h">
      <Filter>Header Files\Helpers</Filter>
    </ClInclude>
    <ClInclude Include="Sources\AlarmSettings.h">
      <Filter>Header Files\AlarmsSource</Filter>
    </ClInclude>
    <ClInclude Include="Sources\Reflection.AlarmSettings.h">
      <Filter>Reflection</Filter>
    </ClInclude>
  </ItemGroup>
  <ItemGroup>
    <Text Include="Sources\ReadMe.txt" />
  </ItemGroup>
  <ItemGroup>
    <CustomBuild Include="Sources\AlarmsControl.h">
      <Filter>Header Files</Filter>
    </CustomBuild>
    <CustomBuild Include="Alarm.h">
      <Filter>Header Files</Filter>
    </CustomBuild>
  </ItemGroup>
</Project>